
Microsoft Visual Studio Solution File, Format Version 12.00
# Visual Studio Version 16
VisualStudioVersion = 16.0.30114.105
MinimumVisualStudioVersion = 10.0.40219.1
Project("{FAE04EC0-301F-11D3-BF4B-00C04F79EFBC}") = "CorpMessengerObjects", "CorpMessengerObjects\CorpMessengerObjects.csproj", "{C1902DAB-D0F5-4076-91BF-481FA210C1F5}"
EndProject
Project("{FAE04EC0-301F-11D3-BF4B-00C04F79EFBC}") = "CorpMessengerClientExample", "CorpMessengerClientExample\CorpMessengerClientExample.csproj", "{0828649A-DB09-4B29-B2EB-4304C26ADB7E}"
EndProject
Project("{FAE04EC0-301F-11D3-BF4B-00C04F79EFBC}") = "СorpMessengerServer", "СorpMessengerServer\СorpMessengerServer.csproj", "{7197B9E1-F76C-4814-BE91-5346DAB15681}"
EndProject
Global
	GlobalSection(SolutionConfigurationPlatforms) = preSolution
		Debug|Any CPU = Debug|Any CPU
		Release|Any CPU = Release|Any CPU
	EndGlobalSection
	GlobalSection(ProjectConfigurationPlatforms) = postSolution
		{C1902DAB-D0F5-4076-91BF-481FA210C1F5}.Debug|Any CPU.ActiveCfg = Debug|Any CPU
		{C1902DAB-D0F5-4076-91BF-481FA210C1F5}.Debug|Any CPU.Build.0 = Debug|Any CPU
		{C1902DAB-D0F5-4076-91BF-481FA210C1F5}.Release|Any CPU.ActiveCfg = Release|Any CPU
		{C1902DAB-D0F5-4076-91BF-481FA210C1F5}.Release|Any CPU.Build.0 = Release|Any CPU
		{0828649A-DB09-4B29-B2EB-4304C26ADB7E}.Debug|Any CPU.ActiveCfg = Debug|Any CPU
		{0828649A-DB09-4B29-B2EB-4304C26ADB7E}.Debug|Any CPU.Build.0 = Debug|Any CPU
		{0828649A-DB09-4B29-B2EB-4304C26ADB7E}.Release|Any CPU.ActiveCfg = Release|Any CPU
		{0828649A-DB09-4B29-B2EB-4304C26ADB7E}.Release|Any CPU.Build.0 = Release|Any CPU
		{7197B9E1-F76C-4814-BE91-5346DAB15681}.Debug|Any CPU.ActiveCfg = Debug|Any CPU
		{7197B9E1-F76C-4814-BE91-5346DAB15681}.Debug|Any CPU.Build.0 = Debug|Any CPU
		{7197B9E1-F76C-4814-BE91-5346DAB15681}.Release|Any CPU.ActiveCfg = Release|Any CPU
		{7197B9E1-F76C-4814-BE91-5346DAB15681}.Release|Any CPU.Build.0 = Release|Any CPU
	EndGlobalSection
	GlobalSection(SolutionProperties) = preSolution
		HideSolutionNode = FALSE
	EndGlobalSection
	GlobalSection(ExtensibilityGlobals) = postSolution
		SolutionGuid = {CEF1BDB3-0AE8-45D9-A33B-8F8EB49BA357}
	EndGlobalSection
EndGlobal
